// !$*UTF8*$!
{
	archiveVersion = 1;
	classes = {
	};
	objectVersion = 50;
	objects = {

/* Begin PBXBuildFile section */
		B7A139CD26CF846B00AE89C6 /* AppDelegate.swift in Sources */ = {isa = PBXBuildFile; fileRef = B7A139CC26CF846B00AE89C6 /* AppDelegate.swift */; };
		B7A139D126CF846B00AE89C6 /* ViewController.swift in Sources */ = {isa = PBXBuildFile; fileRef = B7A139D026CF846B00AE89C6 /* ViewController.swift */; };
		B7A139D426CF846B00AE89C6 /* Main.storyboard in Resources */ = {isa = PBXBuildFile; fileRef = B7A139D226CF846B00AE89C6 /* Main.storyboard */; };
		B7A139D626CF846C00AE89C6 /* Assets.xcassets in Resources */ = {isa = PBXBuildFile; fileRef = B7A139D526CF846C00AE89C6 /* Assets.xcassets */; };
		B7A139D926CF846C00AE89C6 /* LaunchScreen.storyboard in Resources */ = {isa = PBXBuildFile; fileRef = B7A139D726CF846C00AE89C6 /* LaunchScreen.storyboard */; };
		B7A139E126CF8AE300AE89C6 /* Coordinator.swift in Sources */ = {isa = PBXBuildFile; fileRef = B7A139E026CF8AE300AE89C6 /* Coordinator.swift */; };
		B7A139E326CF8B7000AE89C6 /* Storyboarded.swift in Sources */ = {isa = PBXBuildFile; fileRef = B7A139E226CF8B7000AE89C6 /* Storyboarded.swift */; };
		B7A139E526CF8CA500AE89C6 /* MainCoordinator.swift in Sources */ = {isa = PBXBuildFile; fileRef = B7A139E426CF8CA500AE89C6 /* MainCoordinator.swift */; };
		B7A139E726CF8F1000AE89C6 /* BuyViewController.swift in Sources */ = {isa = PBXBuildFile; fileRef = B7A139E626CF8F1000AE89C6 /* BuyViewController.swift */; };
		B7A139E926CF8F2200AE89C6 /* CreateAccountViewController.swift in Sources */ = {isa = PBXBuildFile; fileRef = B7A139E826CF8F2200AE89C6 /* CreateAccountViewController.swift */; };
/* End PBXBuildFile section */

/* Begin PBXFileReference section */
		B7A139C926CF846B00AE89C6 /* Coordinators.app */ = {isa = PBXFileReference; explicitFileType = wrapper.application; includeInIndex = 0; path = Coordinators.app; sourceTree = BUILT_PRODUCTS_DIR; };
		B7A139CC26CF846B00AE89C6 /* AppDelegate.swift */ = {isa = PBXFileReference; lastKnownFileType = sourcecode.swift; path = AppDelegate.swift; sourceTree = "<group>"; };
		B7A139D026CF846B00AE89C6 /* ViewController.swift */ = {isa = PBXFileReference; lastKnownFileType = sourcecode.swift; path = ViewController.swift; sourceTree = "<group>"; };
		B7A139D326CF846B00AE89C6 /* Base */ = {isa = PBXFileReference; lastKnownFileType = file.storyboard; name = Base; path = Base.lproj/Main.storyboard; sourceTree = "<group>"; };
		B7A139D526CF846C00AE89C6 /* Assets.xcassets */ = {isa = PBXFileReference; lastKnownFileType = folder.assetcatalog; path = Assets.xcassets; sourceTree = "<group>"; };
		B7A139D826CF846C00AE89C6 /* Base */ = {isa = PBXFileReference; lastKnownFileType = file.storyboard; name = Base; path = Base.lproj/LaunchScreen.storyboard; sourceTree = "<group>"; };
		B7A139DA26CF846C00AE89C6 /* Info.plist */ = {isa = PBXFileReference; lastKnownFileType = text.plist.xml; path = Info.plist; sourceTree = "<group>"; };
		B7A139E026CF8AE300AE89C6 /* Coordinator.swift */ = {isa = PBXFileReference; lastKnownFileType = sourcecode.swift; path = Coordinator.swift; sourceTree = "<group>"; };
		B7A139E226CF8B7000AE89C6 /* Storyboarded.swift */ = {isa = PBXFileReference; lastKnownFileType = sourcecode.swift; path = Storyboarded.swift; sourceTree = "<group>"; };
		B7A139E426CF8CA500AE89C6 /* MainCoordinator.swift */ = {isa = PBXFileReference; lastKnownFileType = sourcecode.swift; path = MainCoordinator.swift; sourceTree = "<group>"; };
		B7A139E626CF8F1000AE89C6 /* BuyViewController.swift */ = {isa = PBXFileReference; lastKnownFileType = sourcecode.swift; path = BuyViewController.swift; sourceTree = "<group>"; };
		B7A139E826CF8F2200AE89C6 /* CreateAccountViewController.swift */ = {isa = PBXFileReference; lastKnownFileType = sourcecode.swift; path = CreateAccountViewController.swift; sourceTree = "<group>"; };
/* End PBXFileReference section */

/* Begin PBXFrameworksBuildPhase section */
		B7A139C626CF846B00AE89C6 /* Frameworks */ = {
			isa = PBXFrameworksBuildPhase;
			buildActionMask = 2147483647;
			files = (
			);
			runOnlyForDeploymentPostprocessing = 0;
		};
/* End PBXFrameworksBuildPhase section */

/* Begin PBXGroup section */
		B7A139C026CF846B00AE89C6 = {
			isa = PBXGroup;
			children = (
				B7A139CB26CF846B00AE89C6 /* Coordinators */,
				B7A139CA26CF846B00AE89C6 /* Products */,
			);
			sourceTree = "<group>";
		};
		B7A139CA26CF846B00AE89C6 /* Products */ = {
			isa = PBXGroup;
			children = (
				B7A139C926CF846B00AE89C6 /* Coordinators.app */,
			);
			name = Products;
			sourceTree = "<group>";
		};
		B7A139CB26CF846B00AE89C6 /* Coordinators */ = {
			isa = PBXGroup;
			children = (
				B7A139CC26CF846B00AE89C6 /* AppDelegate.swift */,
				B7A139E026CF8AE300AE89C6 /* Coordinator.swift */,
				B7A139E426CF8CA500AE89C6 /* MainCoordinator.swift */,
				B7A139E226CF8B7000AE89C6 /* Storyboarded.swift */,
				B7A139EC26CF9C6100AE89C6 /* ViewController */,
				B7A139D226CF846B00AE89C6 /* Main.storyboard */,
				B7A139D526CF846C00AE89C6 /* Assets.xcassets */,
				B7A139D726CF846C00AE89C6 /* LaunchScreen.storyboard */,
				B7A139DA26CF846C00AE89C6 /* Info.plist */,
			);
			path = Coordinators;
			sourceTree = "<group>";
		};
		B7A139EC26CF9C6100AE89C6 /* ViewController */ = {
			isa = PBXGroup;
			children = (
				B7A139D026CF846B00AE89C6 /* ViewController.swift */,
				B7A139E626CF8F1000AE89C6 /* BuyViewController.swift */,
				B7A139E826CF8F2200AE89C6 /* CreateAccountViewController.swift */,
			);
			path = ViewController;
			sourceTree = "<group>";
		};
/* End PBXGroup section */

/* Begin PBXNativeTarget section */
		B7A139C826CF846B00AE89C6 /* Coordinators */ = {
			isa = PBXNativeTarget;
			buildConfigurationList = B7A139DD26CF846C00AE89C6 /* Build configuration list for PBXNativeTarget "Coordinators" */;
			buildPhases = (
				B7A139C526CF846B00AE89C6 /* Sources */,
				B7A139C626CF846B00AE89C6 /* Frameworks */,
				B7A139C726CF846B00AE89C6 /* Resources */,
			);
			buildRules = (
			);
			dependencies = (
			);
			name = Coordinators;
			productName = Coordinators;
			productReference = B7A139C926CF846B00AE89C6 /* Coordinators.app */;
			productType = "com.apple.product-type.application";
		};
/* End PBXNativeTarget section */

/* Begin PBXProject section */
		B7A139C126CF846B00AE89C6 /* Project object */ = {
			isa = PBXProject;
			attributes = {
				LastSwiftUpdateCheck = 1250;
				LastUpgradeCheck = 1250;
				TargetAttributes = {
					B7A139C826CF846B00AE89C6 = {
						CreatedOnToolsVersion = 12.5.1;
					};
				};
			};
			buildConfigurationList = B7A139C426CF846B00AE89C6 /* Build configuration list for PBXProject "Coordinators" */;
			compatibilityVersion = "Xcode 9.3";
			developmentRegion = en;
			hasScannedForEncodings = 0;
			knownRegions = (
				en,
				Base,
			);
			mainGroup = B7A139C026CF846B00AE89C6;
			productRefGroup = B7A139CA26CF846B00AE89C6 /* Products */;
			projectDirPath = "";
			projectRoot = "";
			targets = (
				B7A139C826CF846B00AE89C6 /* Coordinators */,
			);
		};
/* End PBXProject section */

/* Begin PBXResourcesBuildPhase section */
		B7A139C726CF846B00AE89C6 /* Resources */ = {
			isa = PBXResourcesBuildPhase;
			buildActionMask = 2147483647;
			files = (
				B7A139D926CF846C00AE89C6 /* LaunchScreen.storyboard in Resources */,
				B7A139D626CF846C00AE89C6 /* Assets.xcassets in Resources */,
				B7A139D426CF846B00AE89C6 /* Main.storyboard in Resources */,
			);
			runOnlyForDeploymentPostprocessing = 0;
		};
/* End PBXResourcesBuildPhase section */

/* Begin PBXSourcesBuildPhase section */
		B7A139C526CF846B00AE89C6 /* Sources */ = {
			isa = PBXSourcesBuildPhase;
			buildActionMask = 2147483647;
			files = (
				B7A139E126CF8AE300AE89C6 /* Coordinator.swift in Sources */,
				B7A139E526CF8CA500AE89C6 /* MainCoordinator.swift in Sources */,
				B7A139D126CF846B00AE89C6 /* ViewController.swift in Sources */,
				B7A139E326CF8B7000AE89C6 /* Storyboarded.swift in Sources */,
				B7A139E926CF8F2200AE89C6 /* CreateAccountViewController.swift in Sources */,
				B7A139CD26CF846B00AE89C6 /* AppDelegate.swift in Sources */,
				B7A139E726CF8F1000AE89C6 /* BuyViewController.swift in Sources */,
			);
			runOnlyForDeploymentPostprocessing = 0;
		};
/* End PBXSourcesBuildPhase section */

/* Begin PBXVariantGroup section */
		B7A139D226CF846B00AE89C6 /* Main.storyboard */ = {
			isa = PBXVariantGroup;
			children = (
				B7A139D326CF846B00AE89C6 /* Base */,
			);
			name = Main.storyboard;
			sourceTree = "<group>";
		};
		B7A139D726CF846C00AE89C6 /* LaunchScreen.storyboard */ = {
			isa = PBXVariantGroup;
			children = (
				B7A139D826CF846C00AE89C6 /* Base */,
			);
			name = LaunchScreen.storyboard;
			sourceTree = "<group>";
		};
/* End PBXVariantGroup section */

/* Begin XCBuildConfiguration section */
		B7A139DB26CF846C00AE89C6 /* Debug */ = {
			isa = XCBuildConfiguration;
			buildSettings = {
				ALWAYS_SEARCH_USER_PATHS = NO;
				CLANG_ANALYZER_NONNULL = YES;
				CLANG_ANALYZER_NUMBER_OBJECT_CONVERSION = YES_AGGRESSIVE;
				CLANG_CXX_LANGUAGE_STANDARD = "gnu++14";
				CLANG_CXX_LIBRARY = "libc++";
				CLANG_ENABLE_MODULES = YES;
				CLANG_ENABLE_OBJC_ARC = YES;
				CLANG_ENABLE_OBJC_WEAK = YES;
				CLANG_WARN_BLOCK_CAPTURE_AUTORELEASING = YES;
				CLANG_WARN_BOOL_CONVERSION = YES;
				CLANG_WARN_COMMA = YES;
				CLANG_WARN_CONSTANT_CONVERSION = YES;
				CLANG_WARN_DEPRECATED_OBJC_IMPLEMENTATIONS = YES;
				CLANG_WARN_DIRECT_OBJC_ISA_USAGE = YES_ERROR;
				CLANG_WARN_DOCUMENTATION_COMMENTS = YES;
				CLANG_WARN_EMPTY_BODY = YES;
				CLANG_WARN_ENUM_CONVERSION = YES;
				CLANG_WARN_INFINITE_RECURSION = YES;
				CLANG_WARN_INT_CONVERSION = YES;
				CLANG_WARN_NON_LITERAL_NULL_CONVERSION = YES;
				CLANG_WARN_OBJC_IMPLICIT_RETAIN_SELF = YES;
				CLANG_WARN_OBJC_LITERAL_CONVERSION = YES;
				CLANG_WARN_OBJC_ROOT_CLASS = YES_ERROR;
				CLANG_WARN_QUOTED_INCLUDE_IN_FRAMEWORK_HEADER = YES;
				CLANG_WARN_RANGE_LOOP_ANALYSIS = YES;
				CLANG_WARN_STRICT_PROTOTYPES = YES;
				CLANG_WARN_SUSPICIOUS_MOVE = YES;
				CLANG_WARN_UNGUARDED_AVAILABILITY = YES_AGGRESSIVE;
				CLANG_WARN_UNREACHABLE_CODE = YES;
				CLANG_WARN__DUPLICATE_METHOD_MATCH = YES;
				COPY_PHASE_STRIP = NO;
				DEBUG_INFORMATION_FORMAT = dwarf;
				ENABLE_STRICT_OBJC_MSGSEND = YES;
				ENABLE_TESTABILITY = YES;
				GCC_C_LANGUAGE_STANDARD = gnu11;
				GCC_DYNAMIC_NO_PIC = NO;
				GCC_NO_COMMON_BLOCKS = YES;
				GCC_OPTIMIZATION_LEVEL = 0;
				GCC_PREPROCESSOR_DEFINITIONS = (
					"DEBUG=1",
					"$(inherited)",
				);
				GCC_WARN_64_TO_32_BIT_CONVERSION = YES;
				GCC_WARN_ABOUT_RETURN_TYPE = YES_ERROR;
				GCC_WARN_UNDECLARED_SELECTOR = YES;
				GCC_WARN_UNINITIALIZED_AUTOS = YES_AGGRESSIVE;
				GCC_WARN_UNUSED_FUNCTION = YES;
				GCC_WARN_UNUSED_VARIABLE = YES;
				IPHONEOS_DEPLOYMENT_TARGET = 14.5;
				MTL_ENABLE_DEBUG_INFO = INCLUDE_SOURCE;
				MTL_FAST_MATH = YES;
				ONLY_ACTIVE_ARCH = YES;
				SDKROOT = iphoneos;
				SWIFT_ACTIVE_COMPILATION_CONDITIONS = DEBUG;
				SWIFT_OPTIMIZATION_LEVEL = "-Onone";
			};
			name = Debug;
		};
		B7A139DC26CF846C00AE89C6 /* Release */ = {
			isa = XCBuildConfiguration;
			buildSettings = {
				ALWAYS_SEARCH_USER_PATHS = NO;
				CLANG_ANALYZER_NONNULL = YES;
				CLANG_ANALYZER_NUMBER_OBJECT_CONVERSION = YES_AGGRESSIVE;
				CLANG_CXX_LANGUAGE_STANDARD = "gnu++14";
				CLANG_CXX_LIBRARY = "libc++";
				CLANG_ENABLE_MODULES = YES;
				CLANG_ENABLE_OBJC_ARC = YES;
				CLANG_ENABLE_OBJC_WEAK = YES;
				CLANG_WARN_BLOCK_CAPTURE_AUTORELEASING = YES;
				CLANG_WARN_BOOL_CONVERSION = YES;
				CLANG_WARN_COMMA = YES;
				CLANG_WARN_CONSTANT_CONVERSION = YES;
				CLANG_WARN_DEPRECATED_OBJC_IMPLEMENTATIONS = YES;
				CLANG_WARN_DIRECT_OBJC_ISA_USAGE = YES_ERROR;
				CLANG_WARN_DOCUMENTATION_COMMENTS = YES;
				CLANG_WARN_EMPTY_BODY = YES;
				CLANG_WARN_ENUM_CONVERSION = YES;
				CLANG_WARN_INFINITE_RECURSION = YES;
				CLANG_WARN_INT_CONVERSION = YES;
				CLANG_WARN_NON_LITERAL_NULL_CONVERSION = YES;
				CLANG_WARN_OBJC_IMPLICIT_RETAIN_SELF = YES;
				CLANG_WARN_OBJC_LITERAL_CONVERSION = YES;
				CLANG_WARN_OBJC_ROOT_CLASS = YES_ERROR;
				CLANG_WARN_QUOTED_INCLUDE_IN_FRAMEWORK_HEADER = YES;
				CLANG_WARN_RANGE_LOOP_ANALYSIS = YES;
				CLANG_WARN_STRICT_PROTOTYPES = YES;
				CLANG_WARN_SUSPICIOUS_MOVE = YES;
				CLANG_WARN_UNGUARDED_AVAILABILITY = YES_AGGRESSIVE;
				CLANG_WARN_UNREACHABLE_CODE = YES;
				CLANG_WARN__DUPLICATE_METHOD_MATCH = YES;
				COPY_PHASE_STRIP = NO;
				DEBUG_INFORMATION_FORMAT = "dwarf-with-dsym";
				ENABLE_NS_ASSERTIONS = NO;
				ENABLE_STRICT_OBJC_MSGSEND = YES;
				GCC_C_LANGUAGE_STANDARD = gnu11;
				GCC_NO_COMMON_BLOCKS = YES;
				GCC_WARN_64_TO_32_BIT_CONVERSION = YES;
				GCC_WARN_ABOUT_RETURN_TYPE = YES_ERROR;
				GCC_WARN_UNDECLARED_SELECTOR = YES;
				GCC_WARN_UNINITIALIZED_AUTOS = YES_AGGRESSIVE;
				GCC_WARN_UNUSED_FUNCTION = YES;
				GCC_WARN_UNUSED_VARIABLE = YES;
				IPHONEOS_DEPLOYMENT_TARGET = 14.5;
				MTL_ENABLE_DEBUG_INFO = NO;
				MTL_FAST_MATH = YES;
				SDKROOT = iphoneos;
				SWIFT_COMPILATION_MODE = wholemodule;
				SWIFT_OPTIMIZATION_LEVEL = "-O";
				VALIDATE_PRODUCT = YES;
			};
			name = Release;
		};
		B7A139DE26CF846C00AE89C6 /* Debug */ = {
			isa = XCBuildConfiguration;
			buildSettings = {
				ASSETCATALOG_COMPILER_APPICON_NAME = AppIcon;
				ASSETCATALOG_COMPILER_GLOBAL_ACCENT_COLOR_NAME = AccentColor;
				CODE_SIGN_STYLE = Automatic;
				DEVELOPMENT_TEAM = QS9YCKHYGM;
				INFOPLIST_FILE = Coordinators/Info.plist;
				IPHONEOS_DEPLOYMENT_TARGET = 13.0;
				LD_RUNPATH_SEARCH_PATHS = (
					"$(inherited)",
					"@executable_path/Frameworks",
				);
				PRODUCT_BUNDLE_IDENTIFIER = com.jarvis.Coordinators;
				PRODUCT_NAME = "$(TARGET_NAME)";
				SWIFT_VERSION = 5.0;
				TARGETED_DEVICE_FAMILY = "1,2";
			};
			name = Debug;
		};
		B7A139DF26CF846C00AE89C6 /* Release */ = {
			isa = XCBuildConfiguration;
			buildSettings = {
				ASSETCATALOG_COMPILER_APPICON_NAME = AppIcon;
				ASSETCATALOG_COMPILER_GLOBAL_ACCENT_COLOR_NAME = AccentColor;
				CODE_SIGN_STYLE = Automatic;
				DEVELOPMENT_TEAM = QS9YCKHYGM;
				INFOPLIST_FILE = Coordinators/Info.plist;
				IPHONEOS_DEPLOYMENT_TARGET = 13.0;
				LD_RUNPATH_SEARCH_PATHS = (
					"$(inherited)",
					"@executable_path/Frameworks",
				);
				PRODUCT_BUNDLE_IDENTIFIER = com.jarvis.Coordinators;
				PRODUCT_NAME = "$(TARGET_NAME)";
				SWIFT_VERSION = 5.0;
				TARGETED_DEVICE_FAMILY = "1,2";
			};
			name = Release;
		};
/* End XCBuildConfiguration section */

/* Begin XCConfigurationList section */
		B7A139C426CF846B00AE89C6 /* Build configuration list for PBXProject "Coordinators" */ = {
			isa = XCConfigurationList;
			buildConfigurations = (
				B7A139DB26CF846C00AE89C6 /* Debug */,
				B7A139DC26CF846C00AE89C6 /* Release */,
			);
			defaultConfigurationIsVisible = 0;
			defaultConfigurationName = Release;
		};
		B7A139DD26CF846C00AE89C6 /* Build configuration list for PBXNativeTarget "Coordinators" */ = {
			isa = XCConfigurationList;
			buildConfigurations = (
				B7A139DE26CF846C00AE89C6 /* Debug */,
				B7A139DF26CF846C00AE89C6 /* Release */,
			);
			defaultConfigurationIsVisible = 0;
			defaultConfigurationName = Release;
		};
/* End XCConfigurationList section */
	};
	rootObject = B7A139C126CF846B00AE89C6 /* Project object */;
}
